
Microsoft Visual Studio Solution File, Format Version 12.00
# Visual Studio 15
Project("{FAE04EC0-301F-11D3-BF4B-00C04F79EFBC}") = "homework1", "homework1.csproj", "{AE8CDA7D-BB1D-487E-BE5D-943952003F26}"
EndProject
Project("{FAE04EC0-301F-11D3-BF4B-00C04F79EFBC}") = "Task01", "Task01\Task01.csproj", "{67F12060-9093-466E-8D3D-D13E19B31986}"
EndProject
Project("{FAE04EC0-301F-11D3-BF4B-00C04F79EFBC}") = "Task02", "Task02\Task02.csproj", "{089D8AA4-768C-42A9-AB40-1470DCE3AFDA}"
EndProject
Project("{FAE04EC0-301F-11D3-BF4B-00C04F79EFBC}") = "Task04", "Task04\Task04.csproj", "{C2BB3AB7-C660-4F56-B447-CDBB30208A89}"
EndProject
Project("{FAE04EC0-301F-11D3-BF4B-00C04F79EFBC}") = "Task05", "Task05\Task05.csproj", "{DC038CF8-5BD5-47A1-9AB6-A49C89FC7AD7}"
EndProject
Project("{FAE04EC0-301F-11D3-BF4B-00C04F79EFBC}") = "Task10", "Task10\Task10.csproj", "{8E7B8305-DDBA-4859-A073-D11FA5B3276E}"
EndProject
Project("{FAE04EC0-301F-11D3-BF4B-00C04F79EFBC}") = "Task11", "Task11\Task11.csproj", "{C4B8EC37-2C42-4921-AC0B-9FD509AFEE97}"
EndProject
Project("{FAE04EC0-301F-11D3-BF4B-00C04F79EFBC}") = "ASCIIDecoder", "ASCIIDecoder\ASCIIDecoder.csproj", "{D36A4B06-04C1-4D8E-8474-127C78AAB60B}"
EndProject
Global
	GlobalSection(SolutionConfigurationPlatforms) = preSolution
		Debug|Any CPU = Debug|Any CPU
		Release|Any CPU = Release|Any CPU
	EndGlobalSection
	GlobalSection(ProjectConfigurationPlatforms) = postSolution
		{AE8CDA7D-BB1D-487E-BE5D-943952003F26}.Debug|Any CPU.ActiveCfg = Debug|Any CPU
		{AE8CDA7D-BB1D-487E-BE5D-943952003F26}.Debug|Any CPU.Build.0 = Debug|Any CPU
		{AE8CDA7D-BB1D-487E-BE5D-943952003F26}.Release|Any CPU.ActiveCfg = Release|Any CPU
		{AE8CDA7D-BB1D-487E-BE5D-943952003F26}.Release|Any CPU.Build.0 = Release|Any CPU
		{67F12060-9093-466E-8D3D-D13E19B31986}.Debug|Any CPU.ActiveCfg = Debug|Any CPU
		{67F12060-9093-466E-8D3D-D13E19B31986}.Debug|Any CPU.Build.0 = Debug|Any CPU
		{67F12060-9093-466E-8D3D-D13E19B31986}.Release|Any CPU.ActiveCfg = Release|Any CPU
		{67F12060-9093-466E-8D3D-D13E19B31986}.Release|Any CPU.Build.0 = Release|Any CPU
		{089D8AA4-768C-42A9-AB40-1470DCE3AFDA}.Debug|Any CPU.ActiveCfg = Debug|Any CPU
		{089D8AA4-768C-42A9-AB40-1470DCE3AFDA}.Debug|Any CPU.Build.0 = Debug|Any CPU
		{089D8AA4-768C-42A9-AB40-1470DCE3AFDA}.Release|Any CPU.ActiveCfg = Release|Any CPU
		{089D8AA4-768C-42A9-AB40-1470DCE3AFDA}.Release|Any CPU.Build.0 = Release|Any CPU
		{C2BB3AB7-C660-4F56-B447-CDBB30208A89}.Debug|Any CPU.ActiveCfg = Debug|Any CPU
		{C2BB3AB7-C660-4F56-B447-CDBB30208A89}.Debug|Any CPU.Build.0 = Debug|Any CPU
		{C2BB3AB7-C660-4F56-B447-CDBB30208A89}.Release|Any CPU.ActiveCfg = Release|Any CPU
		{C2BB3AB7-C660-4F56-B447-CDBB30208A89}.Release|Any CPU.Build.0 = Release|Any CPU
		{DC038CF8-5BD5-47A1-9AB6-A49C89FC7AD7}.Debug|Any CPU.ActiveCfg = Debug|Any CPU
		{DC038CF8-5BD5-47A1-9AB6-A49C89FC7AD7}.Debug|Any CPU.Build.0 = Debug|Any CPU
		{DC038CF8-5BD5-47A1-9AB6-A49C89FC7AD7}.Release|Any CPU.ActiveCfg = Release|Any CPU
		{DC038CF8-5BD5-47A1-9AB6-A49C89FC7AD7}.Release|Any CPU.Build.0 = Release|Any CPU
		{8E7B8305-DDBA-4859-A073-D11FA5B3276E}.Debug|Any CPU.ActiveCfg = Debug|Any CPU
		{8E7B8305-DDBA-4859-A073-D11FA5B3276E}.Debug|Any CPU.Build.0 = Debug|Any CPU
		{8E7B8305-DDBA-4859-A073-D11FA5B3276E}.Release|Any CPU.ActiveCfg = Release|Any CPU
		{8E7B8305-DDBA-4859-A073-D11FA5B3276E}.Release|Any CPU.Build.0 = Release|Any CPU
		{C4B8EC37-2C42-4921-AC0B-9FD509AFEE97}.Debug|Any CPU.ActiveCfg = Debug|Any CPU
		{C4B8EC37-2C42-4921-AC0B-9FD509AFEE97}.Debug|Any CPU.Build.0 = Debug|Any CPU
		{C4B8EC37-2C42-4921-AC0B-9FD509AFEE97}.Release|Any CPU.ActiveCfg = Release|Any CPU
		{C4B8EC37-2C42-4921-AC0B-9FD509AFEE97}.Release|Any CPU.Build.0 = Release|Any CPU
		{D36A4B06-04C1-4D8E-8474-127C78AAB60B}.Debug|Any CPU.ActiveCfg = Debug|Any CPU
		{D36A4B06-04C1-4D8E-8474-127C78AAB60B}.Debug|Any CPU.Build.0 = Debug|Any CPU
		{D36A4B06-04C1-4D8E-8474-127C78AAB60B}.Release|Any CPU.ActiveCfg = Release|Any CPU
		{D36A4B06-04C1-4D8E-8474-127C78AAB60B}.Release|Any CPU.Build.0 = Release|Any CPU
	EndGlobalSection
EndGlobal
