
Microsoft Visual Studio Solution File, Format Version 12.00
# Visual Studio 15
Project("{FAE04EC0-301F-11D3-BF4B-00C04F79EFBC}") = "homework2", "homework2\homework2.csproj", "{F8D9FACB-466B-464F-B3A0-1D2D47A84747}"
EndProject
Project("{FAE04EC0-301F-11D3-BF4B-00C04F79EFBC}") = "Task5", "Task5\Task5.csproj", "{F98187A7-591D-4C3E-8583-679DB0DD9705}"
EndProject
Project("{FAE04EC0-301F-11D3-BF4B-00C04F79EFBC}") = "Task6", "Task6\Task6.csproj", "{5BAADAFD-EA9C-4727-84BB-876EFD2A8F25}"
EndProject
Project("{FAE04EC0-301F-11D3-BF4B-00C04F79EFBC}") = "Task7", "Task7\Task7.csproj", "{7CBB8F27-C6B7-4CE7-9CB9-81F6BB45DE72}"
EndProject
Project("{FAE04EC0-301F-11D3-BF4B-00C04F79EFBC}") = "Task1HomeWork", "Task1HomeWork\Task1HomeWork.csproj", "{18290638-9881-4155-A831-25600C23CF22}"
EndProject
Project("{FAE04EC0-301F-11D3-BF4B-00C04F79EFBC}") = "Task2HomeWork", "Task2HomeWork\Task2HomeWork.csproj", "{6E817963-674D-413B-96E5-C5A79A425252}"
EndProject
Project("{FAE04EC0-301F-11D3-BF4B-00C04F79EFBC}") = "Task3HomeWork", "Task3HomeWork\Task3HomeWork.csproj", "{2ED4F837-E30B-4B39-B906-4ED21299A59D}"
EndProject
Project("{FAE04EC0-301F-11D3-BF4B-00C04F79EFBC}") = "Task4HomeWork", "Task4HomeWork\Task4HomeWork.csproj", "{BD222E16-63FB-4571-970E-D01171507921}"
EndProject
Project("{FAE04EC0-301F-11D3-BF4B-00C04F79EFBC}") = "Task5HomeWork", "Task5HomeWork\Task5HomeWork.csproj", "{A39BF61B-06DB-40E0-BA7D-0CC3B19196A4}"
EndProject
Project("{FAE04EC0-301F-11D3-BF4B-00C04F79EFBC}") = "Task6HomeWork", "Task6HomeWork\Task6HomeWork.csproj", "{62CFF7F3-3C66-4AF3-B879-C61B0674C4C5}"
EndProject
Project("{FAE04EC0-301F-11D3-BF4B-00C04F79EFBC}") = "Task7HomeWork", "Task7HomeWork\Task7HomeWork.csproj", "{01AAA5BA-852D-43A5-B702-C468D55E6655}"
EndProject
Global
	GlobalSection(SolutionConfigurationPlatforms) = preSolution
		Debug|Any CPU = Debug|Any CPU
		Release|Any CPU = Release|Any CPU
	EndGlobalSection
	GlobalSection(ProjectConfigurationPlatforms) = postSolution
		{F8D9FACB-466B-464F-B3A0-1D2D47A84747}.Debug|Any CPU.ActiveCfg = Debug|Any CPU
		{F8D9FACB-466B-464F-B3A0-1D2D47A84747}.Debug|Any CPU.Build.0 = Debug|Any CPU
		{F8D9FACB-466B-464F-B3A0-1D2D47A84747}.Release|Any CPU.ActiveCfg = Release|Any CPU
		{F8D9FACB-466B-464F-B3A0-1D2D47A84747}.Release|Any CPU.Build.0 = Release|Any CPU
		{F98187A7-591D-4C3E-8583-679DB0DD9705}.Debug|Any CPU.ActiveCfg = Debug|Any CPU
		{F98187A7-591D-4C3E-8583-679DB0DD9705}.Debug|Any CPU.Build.0 = Debug|Any CPU
		{F98187A7-591D-4C3E-8583-679DB0DD9705}.Release|Any CPU.ActiveCfg = Release|Any CPU
		{F98187A7-591D-4C3E-8583-679DB0DD9705}.Release|Any CPU.Build.0 = Release|Any CPU
		{5BAADAFD-EA9C-4727-84BB-876EFD2A8F25}.Debug|Any CPU.ActiveCfg = Debug|Any CPU
		{5BAADAFD-EA9C-4727-84BB-876EFD2A8F25}.Debug|Any CPU.Build.0 = Debug|Any CPU
		{5BAADAFD-EA9C-4727-84BB-876EFD2A8F25}.Release|Any CPU.ActiveCfg = Release|Any CPU
		{5BAADAFD-EA9C-4727-84BB-876EFD2A8F25}.Release|Any CPU.Build.0 = Release|Any CPU
		{7CBB8F27-C6B7-4CE7-9CB9-81F6BB45DE72}.Debug|Any CPU.ActiveCfg = Debug|Any CPU
		{7CBB8F27-C6B7-4CE7-9CB9-81F6BB45DE72}.Debug|Any CPU.Build.0 = Debug|Any CPU
		{7CBB8F27-C6B7-4CE7-9CB9-81F6BB45DE72}.Release|Any CPU.ActiveCfg = Release|Any CPU
		{7CBB8F27-C6B7-4CE7-9CB9-81F6BB45DE72}.Release|Any CPU.Build.0 = Release|Any CPU
		{18290638-9881-4155-A831-25600C23CF22}.Debug|Any CPU.ActiveCfg = Debug|Any CPU
		{18290638-9881-4155-A831-25600C23CF22}.Debug|Any CPU.Build.0 = Debug|Any CPU
		{18290638-9881-4155-A831-25600C23CF22}.Release|Any CPU.ActiveCfg = Release|Any CPU
		{18290638-9881-4155-A831-25600C23CF22}.Release|Any CPU.Build.0 = Release|Any CPU
		{6E817963-674D-413B-96E5-C5A79A425252}.Debug|Any CPU.ActiveCfg = Debug|Any CPU
		{6E817963-674D-413B-96E5-C5A79A425252}.Debug|Any CPU.Build.0 = Debug|Any CPU
		{6E817963-674D-413B-96E5-C5A79A425252}.Release|Any CPU.ActiveCfg = Release|Any CPU
		{6E817963-674D-413B-96E5-C5A79A425252}.Release|Any CPU.Build.0 = Release|Any CPU
		{2ED4F837-E30B-4B39-B906-4ED21299A59D}.Debug|Any CPU.ActiveCfg = Debug|Any CPU
		{2ED4F837-E30B-4B39-B906-4ED21299A59D}.Debug|Any CPU.Build.0 = Debug|Any CPU
		{2ED4F837-E30B-4B39-B906-4ED21299A59D}.Release|Any CPU.ActiveCfg = Release|Any CPU
		{2ED4F837-E30B-4B39-B906-4ED21299A59D}.Release|Any CPU.Build.0 = Release|Any CPU
		{BD222E16-63FB-4571-970E-D01171507921}.Debug|Any CPU.ActiveCfg = Debug|Any CPU
		{BD222E16-63FB-4571-970E-D01171507921}.Debug|Any CPU.Build.0 = Debug|Any CPU
		{BD222E16-63FB-4571-970E-D01171507921}.Release|Any CPU.ActiveCfg = Release|Any CPU
		{BD222E16-63FB-4571-970E-D01171507921}.Release|Any CPU.Build.0 = Release|Any CPU
		{A39BF61B-06DB-40E0-BA7D-0CC3B19196A4}.Debug|Any CPU.ActiveCfg = Debug|Any CPU
		{A39BF61B-06DB-40E0-BA7D-0CC3B19196A4}.Debug|Any CPU.Build.0 = Debug|Any CPU
		{A39BF61B-06DB-40E0-BA7D-0CC3B19196A4}.Release|Any CPU.ActiveCfg = Release|Any CPU
		{A39BF61B-06DB-40E0-BA7D-0CC3B19196A4}.Release|Any CPU.Build.0 = Release|Any CPU
		{62CFF7F3-3C66-4AF3-B879-C61B0674C4C5}.Debug|Any CPU.ActiveCfg = Debug|Any CPU
		{62CFF7F3-3C66-4AF3-B879-C61B0674C4C5}.Debug|Any CPU.Build.0 = Debug|Any CPU
		{62CFF7F3-3C66-4AF3-B879-C61B0674C4C5}.Release|Any CPU.ActiveCfg = Release|Any CPU
		{62CFF7F3-3C66-4AF3-B879-C61B0674C4C5}.Release|Any CPU.Build.0 = Release|Any CPU
		{01AAA5BA-852D-43A5-B702-C468D55E6655}.Debug|Any CPU.ActiveCfg = Debug|Any CPU
		{01AAA5BA-852D-43A5-B702-C468D55E6655}.Debug|Any CPU.Build.0 = Debug|Any CPU
		{01AAA5BA-852D-43A5-B702-C468D55E6655}.Release|Any CPU.ActiveCfg = Release|Any CPU
		{01AAA5BA-852D-43A5-B702-C468D55E6655}.Release|Any CPU.Build.0 = Release|Any CPU
	EndGlobalSection
EndGlobal
