
Microsoft Visual Studio Solution File, Format Version 12.00
# Visual Studio 15
Project("{FAE04EC0-301F-11D3-BF4B-00C04F79EFBC}") = "Task4Sem", "Task4Sem\Task4Sem.csproj", "{2BCA27C1-E7BA-40DE-A84C-A5C598839646}"
EndProject
Project("{FAE04EC0-301F-11D3-BF4B-00C04F79EFBC}") = "Task6Sem", "Task6Sem\Task6Sem.csproj", "{FF075DD5-7614-44E6-ACF0-B7D3D27C53D6}"
EndProject
Project("{FAE04EC0-301F-11D3-BF4B-00C04F79EFBC}") = "Task7Sem", "Task7Sem\Task7Sem.csproj", "{C34078D1-CD42-4971-9338-D3671CABD0F7}"
EndProject
Project("{FAE04EC0-301F-11D3-BF4B-00C04F79EFBC}") = "Task1HW", "Task1HW\Task1HW.csproj", "{EF0FAE5B-00DF-4813-9339-3C9D3F68FF8E}"
EndProject
Project("{FAE04EC0-301F-11D3-BF4B-00C04F79EFBC}") = "Task2HW", "Task2HW\Task2HW.csproj", "{B22FAA72-9B4E-4468-B09A-6046D0A315FB}"
EndProject
Project("{FAE04EC0-301F-11D3-BF4B-00C04F79EFBC}") = "Task3HW", "Task3HW\Task3HW.csproj", "{BC7E3F39-FF87-4BB4-BD18-C3741F436DD2}"
EndProject
Project("{FAE04EC0-301F-11D3-BF4B-00C04F79EFBC}") = "Task4HW", "Task4HW\Task4HW.csproj", "{4C4629D8-8098-44AD-889F-13C08AD0B931}"
EndProject
Project("{FAE04EC0-301F-11D3-BF4B-00C04F79EFBC}") = "Task5HW", "Task5HW\Task5HW.csproj", "{6822CCF3-656F-4163-9947-D61CFFF68B26}"
EndProject
Project("{FAE04EC0-301F-11D3-BF4B-00C04F79EFBC}") = "Task6HW", "Task6HW\Task6HW.csproj", "{FF31B3E5-57E1-4EEA-8C61-FA9E8134BD27}"
EndProject
Global
	GlobalSection(SolutionConfigurationPlatforms) = preSolution
		Debug|Any CPU = Debug|Any CPU
		Release|Any CPU = Release|Any CPU
	EndGlobalSection
	GlobalSection(ProjectConfigurationPlatforms) = postSolution
		{2BCA27C1-E7BA-40DE-A84C-A5C598839646}.Debug|Any CPU.ActiveCfg = Debug|Any CPU
		{2BCA27C1-E7BA-40DE-A84C-A5C598839646}.Debug|Any CPU.Build.0 = Debug|Any CPU
		{2BCA27C1-E7BA-40DE-A84C-A5C598839646}.Release|Any CPU.ActiveCfg = Release|Any CPU
		{2BCA27C1-E7BA-40DE-A84C-A5C598839646}.Release|Any CPU.Build.0 = Release|Any CPU
		{FF075DD5-7614-44E6-ACF0-B7D3D27C53D6}.Debug|Any CPU.ActiveCfg = Debug|Any CPU
		{FF075DD5-7614-44E6-ACF0-B7D3D27C53D6}.Debug|Any CPU.Build.0 = Debug|Any CPU
		{FF075DD5-7614-44E6-ACF0-B7D3D27C53D6}.Release|Any CPU.ActiveCfg = Release|Any CPU
		{FF075DD5-7614-44E6-ACF0-B7D3D27C53D6}.Release|Any CPU.Build.0 = Release|Any CPU
		{C34078D1-CD42-4971-9338-D3671CABD0F7}.Debug|Any CPU.ActiveCfg = Debug|Any CPU
		{C34078D1-CD42-4971-9338-D3671CABD0F7}.Debug|Any CPU.Build.0 = Debug|Any CPU
		{C34078D1-CD42-4971-9338-D3671CABD0F7}.Release|Any CPU.ActiveCfg = Release|Any CPU
		{C34078D1-CD42-4971-9338-D3671CABD0F7}.Release|Any CPU.Build.0 = Release|Any CPU
		{EF0FAE5B-00DF-4813-9339-3C9D3F68FF8E}.Debug|Any CPU.ActiveCfg = Debug|Any CPU
		{EF0FAE5B-00DF-4813-9339-3C9D3F68FF8E}.Debug|Any CPU.Build.0 = Debug|Any CPU
		{EF0FAE5B-00DF-4813-9339-3C9D3F68FF8E}.Release|Any CPU.ActiveCfg = Release|Any CPU
		{EF0FAE5B-00DF-4813-9339-3C9D3F68FF8E}.Release|Any CPU.Build.0 = Release|Any CPU
		{B22FAA72-9B4E-4468-B09A-6046D0A315FB}.Debug|Any CPU.ActiveCfg = Debug|Any CPU
		{B22FAA72-9B4E-4468-B09A-6046D0A315FB}.Debug|Any CPU.Build.0 = Debug|Any CPU
		{B22FAA72-9B4E-4468-B09A-6046D0A315FB}.Release|Any CPU.ActiveCfg = Release|Any CPU
		{B22FAA72-9B4E-4468-B09A-6046D0A315FB}.Release|Any CPU.Build.0 = Release|Any CPU
		{BC7E3F39-FF87-4BB4-BD18-C3741F436DD2}.Debug|Any CPU.ActiveCfg = Debug|Any CPU
		{BC7E3F39-FF87-4BB4-BD18-C3741F436DD2}.Debug|Any CPU.Build.0 = Debug|Any CPU
		{BC7E3F39-FF87-4BB4-BD18-C3741F436DD2}.Release|Any CPU.ActiveCfg = Release|Any CPU
		{BC7E3F39-FF87-4BB4-BD18-C3741F436DD2}.Release|Any CPU.Build.0 = Release|Any CPU
		{4C4629D8-8098-44AD-889F-13C08AD0B931}.Debug|Any CPU.ActiveCfg = Debug|Any CPU
		{4C4629D8-8098-44AD-889F-13C08AD0B931}.Debug|Any CPU.Build.0 = Debug|Any CPU
		{4C4629D8-8098-44AD-889F-13C08AD0B931}.Release|Any CPU.ActiveCfg = Release|Any CPU
		{4C4629D8-8098-44AD-889F-13C08AD0B931}.Release|Any CPU.Build.0 = Release|Any CPU
		{6822CCF3-656F-4163-9947-D61CFFF68B26}.Debug|Any CPU.ActiveCfg = Debug|Any CPU
		{6822CCF3-656F-4163-9947-D61CFFF68B26}.Debug|Any CPU.Build.0 = Debug|Any CPU
		{6822CCF3-656F-4163-9947-D61CFFF68B26}.Release|Any CPU.ActiveCfg = Release|Any CPU
		{6822CCF3-656F-4163-9947-D61CFFF68B26}.Release|Any CPU.Build.0 = Release|Any CPU
		{FF31B3E5-57E1-4EEA-8C61-FA9E8134BD27}.Debug|Any CPU.ActiveCfg = Debug|Any CPU
		{FF31B3E5-57E1-4EEA-8C61-FA9E8134BD27}.Debug|Any CPU.Build.0 = Debug|Any CPU
		{FF31B3E5-57E1-4EEA-8C61-FA9E8134BD27}.Release|Any CPU.ActiveCfg = Release|Any CPU
		{FF31B3E5-57E1-4EEA-8C61-FA9E8134BD27}.Release|Any CPU.Build.0 = Release|Any CPU
	EndGlobalSection
EndGlobal
