
Microsoft Visual Studio Solution File, Format Version 12.00
# Visual Studio 15
Project("{FAE04EC0-301F-11D3-BF4B-00C04F79EFBC}") = "classwork", "classwork\classwork.csproj", "{6B0954C4-45FE-480E-82C5-2B196C698B1E}"
EndProject
Project("{FAE04EC0-301F-11D3-BF4B-00C04F79EFBC}") = "ClassLibrary", "ClassLibrary\ClassLibrary.csproj", "{E79EAD0B-2548-4C0C-82B4-E81B484D8B67}"
EndProject
Project("{FAE04EC0-301F-11D3-BF4B-00C04F79EFBC}") = "Figures", "Figures\Figures.csproj", "{62B654F1-B0FC-4D16-9E3F-01EC937BB441}"
EndProject
Project("{FAE04EC0-301F-11D3-BF4B-00C04F79EFBC}") = "task2", "task2\task2.csproj", "{7F9E5E37-DF6B-4090-8E23-5EE4C0D2CAB7}"
EndProject
Project("{FAE04EC0-301F-11D3-BF4B-00C04F79EFBC}") = "task3", "task3\task3.csproj", "{1D01DC17-8E73-4BC4-A4FE-721EA50A324F}"
EndProject
Project("{FAE04EC0-301F-11D3-BF4B-00C04F79EFBC}") = "EmployeesClassLibrary", "EmployeesClassLibrary\EmployeesClassLibrary.csproj", "{BE735F6A-6969-47D2-A988-36BAC09E3CC9}"
EndProject
Project("{FAE04EC0-301F-11D3-BF4B-00C04F79EFBC}") = "FiguresExtended", "FiguresExtended\FiguresExtended.csproj", "{1DBEE811-B29F-434B-9DC6-E378138F7C93}"
EndProject
Project("{FAE04EC0-301F-11D3-BF4B-00C04F79EFBC}") = "task4", "task4\task4.csproj", "{2CB6C640-85D7-4BE0-9739-6351B090172F}"
EndProject
Project("{FAE04EC0-301F-11D3-BF4B-00C04F79EFBC}") = "task5", "task5\task5.csproj", "{86F57DE5-40D7-4459-89CD-2C43D1552148}"
EndProject
Project("{FAE04EC0-301F-11D3-BF4B-00C04F79EFBC}") = "Task5Lib", "Task5Lib\Task5Lib.csproj", "{A2512E36-AE95-4E1F-AA95-B88116385A54}"
EndProject
Project("{FAE04EC0-301F-11D3-BF4B-00C04F79EFBC}") = "Generators", "Generators\Generators.csproj", "{9B772BD8-F5D6-4E65-B630-47EDC1C4A428}"
EndProject
Project("{FAE04EC0-301F-11D3-BF4B-00C04F79EFBC}") = "Readers", "Readers\Readers.csproj", "{84549D9B-BDE9-4794-A5BF-FAF382535BB4}"
EndProject
Project("{FAE04EC0-301F-11D3-BF4B-00C04F79EFBC}") = "Task6Lib", "Task6Lib\Task6Lib.csproj", "{777888BB-E37C-4C80-B866-D4D768DE99E2}"
EndProject
Project("{FAE04EC0-301F-11D3-BF4B-00C04F79EFBC}") = "Task6", "Task6\Task6.csproj", "{FF9C5B2F-0F8C-46C0-B0D8-FBB95F6C304B}"
EndProject
Project("{FAE04EC0-301F-11D3-BF4B-00C04F79EFBC}") = "HWTask3", "HWTask3\HWTask3.csproj", "{BB28A916-0858-45A8-99C1-2E64382C47B2}"
EndProject
Project("{FAE04EC0-301F-11D3-BF4B-00C04F79EFBC}") = "Cinderella", "Cinderella\Cinderella.csproj", "{244F6242-0C3E-43A9-A1E6-64EF5E138E34}"
EndProject
Project("{FAE04EC0-301F-11D3-BF4B-00C04F79EFBC}") = "CinderellaApp", "CinderellaApp\CinderellaApp.csproj", "{53CBEF4F-4EAD-4D4E-9353-75C6FB5FE0FD}"
EndProject
Project("{FAE04EC0-301F-11D3-BF4B-00C04F79EFBC}") = "Animals", "Animals\Animals.csproj", "{830F77B2-A3B4-4D08-9B24-687EF5A54949}"
EndProject
Project("{FAE04EC0-301F-11D3-BF4B-00C04F79EFBC}") = "AnimalsApp", "AnimalsApp\AnimalsApp.csproj", "{65441A6C-CC11-4419-BA7A-81E3CCB570B1}"
EndProject
Global
	GlobalSection(SolutionConfigurationPlatforms) = preSolution
		Debug|Any CPU = Debug|Any CPU
		Release|Any CPU = Release|Any CPU
	EndGlobalSection
	GlobalSection(ProjectConfigurationPlatforms) = postSolution
		{6B0954C4-45FE-480E-82C5-2B196C698B1E}.Debug|Any CPU.ActiveCfg = Debug|Any CPU
		{6B0954C4-45FE-480E-82C5-2B196C698B1E}.Debug|Any CPU.Build.0 = Debug|Any CPU
		{6B0954C4-45FE-480E-82C5-2B196C698B1E}.Release|Any CPU.ActiveCfg = Release|Any CPU
		{6B0954C4-45FE-480E-82C5-2B196C698B1E}.Release|Any CPU.Build.0 = Release|Any CPU
		{E79EAD0B-2548-4C0C-82B4-E81B484D8B67}.Debug|Any CPU.ActiveCfg = Debug|Any CPU
		{E79EAD0B-2548-4C0C-82B4-E81B484D8B67}.Debug|Any CPU.Build.0 = Debug|Any CPU
		{E79EAD0B-2548-4C0C-82B4-E81B484D8B67}.Release|Any CPU.ActiveCfg = Release|Any CPU
		{E79EAD0B-2548-4C0C-82B4-E81B484D8B67}.Release|Any CPU.Build.0 = Release|Any CPU
		{62B654F1-B0FC-4D16-9E3F-01EC937BB441}.Debug|Any CPU.ActiveCfg = Debug|Any CPU
		{62B654F1-B0FC-4D16-9E3F-01EC937BB441}.Debug|Any CPU.Build.0 = Debug|Any CPU
		{62B654F1-B0FC-4D16-9E3F-01EC937BB441}.Release|Any CPU.ActiveCfg = Release|Any CPU
		{62B654F1-B0FC-4D16-9E3F-01EC937BB441}.Release|Any CPU.Build.0 = Release|Any CPU
		{7F9E5E37-DF6B-4090-8E23-5EE4C0D2CAB7}.Debug|Any CPU.ActiveCfg = Debug|Any CPU
		{7F9E5E37-DF6B-4090-8E23-5EE4C0D2CAB7}.Debug|Any CPU.Build.0 = Debug|Any CPU
		{7F9E5E37-DF6B-4090-8E23-5EE4C0D2CAB7}.Release|Any CPU.ActiveCfg = Release|Any CPU
		{7F9E5E37-DF6B-4090-8E23-5EE4C0D2CAB7}.Release|Any CPU.Build.0 = Release|Any CPU
		{1D01DC17-8E73-4BC4-A4FE-721EA50A324F}.Debug|Any CPU.ActiveCfg = Debug|Any CPU
		{1D01DC17-8E73-4BC4-A4FE-721EA50A324F}.Debug|Any CPU.Build.0 = Debug|Any CPU
		{1D01DC17-8E73-4BC4-A4FE-721EA50A324F}.Release|Any CPU.ActiveCfg = Release|Any CPU
		{1D01DC17-8E73-4BC4-A4FE-721EA50A324F}.Release|Any CPU.Build.0 = Release|Any CPU
		{BE735F6A-6969-47D2-A988-36BAC09E3CC9}.Debug|Any CPU.ActiveCfg = Debug|Any CPU
		{BE735F6A-6969-47D2-A988-36BAC09E3CC9}.Debug|Any CPU.Build.0 = Debug|Any CPU
		{BE735F6A-6969-47D2-A988-36BAC09E3CC9}.Release|Any CPU.ActiveCfg = Release|Any CPU
		{BE735F6A-6969-47D2-A988-36BAC09E3CC9}.Release|Any CPU.Build.0 = Release|Any CPU
		{1DBEE811-B29F-434B-9DC6-E378138F7C93}.Debug|Any CPU.ActiveCfg = Debug|Any CPU
		{1DBEE811-B29F-434B-9DC6-E378138F7C93}.Debug|Any CPU.Build.0 = Debug|Any CPU
		{1DBEE811-B29F-434B-9DC6-E378138F7C93}.Release|Any CPU.ActiveCfg = Release|Any CPU
		{1DBEE811-B29F-434B-9DC6-E378138F7C93}.Release|Any CPU.Build.0 = Release|Any CPU
		{2CB6C640-85D7-4BE0-9739-6351B090172F}.Debug|Any CPU.ActiveCfg = Debug|Any CPU
		{2CB6C640-85D7-4BE0-9739-6351B090172F}.Debug|Any CPU.Build.0 = Debug|Any CPU
		{2CB6C640-85D7-4BE0-9739-6351B090172F}.Release|Any CPU.ActiveCfg = Release|Any CPU
		{2CB6C640-85D7-4BE0-9739-6351B090172F}.Release|Any CPU.Build.0 = Release|Any CPU
		{86F57DE5-40D7-4459-89CD-2C43D1552148}.Debug|Any CPU.ActiveCfg = Debug|Any CPU
		{86F57DE5-40D7-4459-89CD-2C43D1552148}.Debug|Any CPU.Build.0 = Debug|Any CPU
		{86F57DE5-40D7-4459-89CD-2C43D1552148}.Release|Any CPU.ActiveCfg = Release|Any CPU
		{86F57DE5-40D7-4459-89CD-2C43D1552148}.Release|Any CPU.Build.0 = Release|Any CPU
		{A2512E36-AE95-4E1F-AA95-B88116385A54}.Debug|Any CPU.ActiveCfg = Debug|Any CPU
		{A2512E36-AE95-4E1F-AA95-B88116385A54}.Debug|Any CPU.Build.0 = Debug|Any CPU
		{A2512E36-AE95-4E1F-AA95-B88116385A54}.Release|Any CPU.ActiveCfg = Release|Any CPU
		{A2512E36-AE95-4E1F-AA95-B88116385A54}.Release|Any CPU.Build.0 = Release|Any CPU
		{9B772BD8-F5D6-4E65-B630-47EDC1C4A428}.Debug|Any CPU.ActiveCfg = Debug|Any CPU
		{9B772BD8-F5D6-4E65-B630-47EDC1C4A428}.Debug|Any CPU.Build.0 = Debug|Any CPU
		{9B772BD8-F5D6-4E65-B630-47EDC1C4A428}.Release|Any CPU.ActiveCfg = Release|Any CPU
		{9B772BD8-F5D6-4E65-B630-47EDC1C4A428}.Release|Any CPU.Build.0 = Release|Any CPU
		{84549D9B-BDE9-4794-A5BF-FAF382535BB4}.Debug|Any CPU.ActiveCfg = Debug|Any CPU
		{84549D9B-BDE9-4794-A5BF-FAF382535BB4}.Debug|Any CPU.Build.0 = Debug|Any CPU
		{84549D9B-BDE9-4794-A5BF-FAF382535BB4}.Release|Any CPU.ActiveCfg = Release|Any CPU
		{84549D9B-BDE9-4794-A5BF-FAF382535BB4}.Release|Any CPU.Build.0 = Release|Any CPU
		{777888BB-E37C-4C80-B866-D4D768DE99E2}.Debug|Any CPU.ActiveCfg = Debug|Any CPU
		{777888BB-E37C-4C80-B866-D4D768DE99E2}.Debug|Any CPU.Build.0 = Debug|Any CPU
		{777888BB-E37C-4C80-B866-D4D768DE99E2}.Release|Any CPU.ActiveCfg = Release|Any CPU
		{777888BB-E37C-4C80-B866-D4D768DE99E2}.Release|Any CPU.Build.0 = Release|Any CPU
		{FF9C5B2F-0F8C-46C0-B0D8-FBB95F6C304B}.Debug|Any CPU.ActiveCfg = Debug|Any CPU
		{FF9C5B2F-0F8C-46C0-B0D8-FBB95F6C304B}.Debug|Any CPU.Build.0 = Debug|Any CPU
		{FF9C5B2F-0F8C-46C0-B0D8-FBB95F6C304B}.Release|Any CPU.ActiveCfg = Release|Any CPU
		{FF9C5B2F-0F8C-46C0-B0D8-FBB95F6C304B}.Release|Any CPU.Build.0 = Release|Any CPU
		{BB28A916-0858-45A8-99C1-2E64382C47B2}.Debug|Any CPU.ActiveCfg = Debug|Any CPU
		{BB28A916-0858-45A8-99C1-2E64382C47B2}.Debug|Any CPU.Build.0 = Debug|Any CPU
		{BB28A916-0858-45A8-99C1-2E64382C47B2}.Release|Any CPU.ActiveCfg = Release|Any CPU
		{BB28A916-0858-45A8-99C1-2E64382C47B2}.Release|Any CPU.Build.0 = Release|Any CPU
		{244F6242-0C3E-43A9-A1E6-64EF5E138E34}.Debug|Any CPU.ActiveCfg = Debug|Any CPU
		{244F6242-0C3E-43A9-A1E6-64EF5E138E34}.Debug|Any CPU.Build.0 = Debug|Any CPU
		{244F6242-0C3E-43A9-A1E6-64EF5E138E34}.Release|Any CPU.ActiveCfg = Release|Any CPU
		{244F6242-0C3E-43A9-A1E6-64EF5E138E34}.Release|Any CPU.Build.0 = Release|Any CPU
		{53CBEF4F-4EAD-4D4E-9353-75C6FB5FE0FD}.Debug|Any CPU.ActiveCfg = Debug|Any CPU
		{53CBEF4F-4EAD-4D4E-9353-75C6FB5FE0FD}.Debug|Any CPU.Build.0 = Debug|Any CPU
		{53CBEF4F-4EAD-4D4E-9353-75C6FB5FE0FD}.Release|Any CPU.ActiveCfg = Release|Any CPU
		{53CBEF4F-4EAD-4D4E-9353-75C6FB5FE0FD}.Release|Any CPU.Build.0 = Release|Any CPU
		{830F77B2-A3B4-4D08-9B24-687EF5A54949}.Debug|Any CPU.ActiveCfg = Debug|Any CPU
		{830F77B2-A3B4-4D08-9B24-687EF5A54949}.Debug|Any CPU.Build.0 = Debug|Any CPU
		{830F77B2-A3B4-4D08-9B24-687EF5A54949}.Release|Any CPU.ActiveCfg = Release|Any CPU
		{830F77B2-A3B4-4D08-9B24-687EF5A54949}.Release|Any CPU.Build.0 = Release|Any CPU
		{65441A6C-CC11-4419-BA7A-81E3CCB570B1}.Debug|Any CPU.ActiveCfg = Debug|Any CPU
		{65441A6C-CC11-4419-BA7A-81E3CCB570B1}.Debug|Any CPU.Build.0 = Debug|Any CPU
		{65441A6C-CC11-4419-BA7A-81E3CCB570B1}.Release|Any CPU.ActiveCfg = Release|Any CPU
		{65441A6C-CC11-4419-BA7A-81E3CCB570B1}.Release|Any CPU.Build.0 = Release|Any CPU
	EndGlobalSection
EndGlobal
