
Microsoft Visual Studio Solution File, Format Version 12.00
Project("{FAE04EC0-301F-11D3-BF4B-00C04F79EFBC}") = "task1", "task1\task1.csproj", "{B24D6B91-867C-4B38-8DA2-9310CF1B6F6A}"
EndProject
Project("{FAE04EC0-301F-11D3-BF4B-00C04F79EFBC}") = "task2", "task2\task2.csproj", "{9B1009DF-75DE-4577-A6A9-ABF2C0F69511}"
EndProject
Project("{FAE04EC0-301F-11D3-BF4B-00C04F79EFBC}") = "task3", "task3\task3.csproj", "{B7BDFDF2-85E4-49C2-8E2D-001CD0F1BBD7}"
EndProject
Project("{FAE04EC0-301F-11D3-BF4B-00C04F79EFBC}") = "task4", "task4\task4.csproj", "{D6CEC15E-A23D-47F9-A214-56E26929CD87}"
EndProject
Project("{FAE04EC0-301F-11D3-BF4B-00C04F79EFBC}") = "task6", "task6\task6.csproj", "{D13B9BEB-DCBE-44B6-A621-C053F2E6BFB9}"
EndProject
Project("{FAE04EC0-301F-11D3-BF4B-00C04F79EFBC}") = "asyncawait", "asyncawait\asyncawait.csproj", "{AA52B475-1E95-4D2D-9EC5-8B1243F1547C}"
EndProject
Global
	GlobalSection(SolutionConfigurationPlatforms) = preSolution
		Debug|Any CPU = Debug|Any CPU
		Release|Any CPU = Release|Any CPU
	EndGlobalSection
	GlobalSection(ProjectConfigurationPlatforms) = postSolution
		{B24D6B91-867C-4B38-8DA2-9310CF1B6F6A}.Debug|Any CPU.ActiveCfg = Debug|Any CPU
		{B24D6B91-867C-4B38-8DA2-9310CF1B6F6A}.Debug|Any CPU.Build.0 = Debug|Any CPU
		{B24D6B91-867C-4B38-8DA2-9310CF1B6F6A}.Release|Any CPU.ActiveCfg = Release|Any CPU
		{B24D6B91-867C-4B38-8DA2-9310CF1B6F6A}.Release|Any CPU.Build.0 = Release|Any CPU
		{9B1009DF-75DE-4577-A6A9-ABF2C0F69511}.Debug|Any CPU.ActiveCfg = Debug|Any CPU
		{9B1009DF-75DE-4577-A6A9-ABF2C0F69511}.Debug|Any CPU.Build.0 = Debug|Any CPU
		{9B1009DF-75DE-4577-A6A9-ABF2C0F69511}.Release|Any CPU.ActiveCfg = Release|Any CPU
		{9B1009DF-75DE-4577-A6A9-ABF2C0F69511}.Release|Any CPU.Build.0 = Release|Any CPU
		{B7BDFDF2-85E4-49C2-8E2D-001CD0F1BBD7}.Debug|Any CPU.ActiveCfg = Debug|Any CPU
		{B7BDFDF2-85E4-49C2-8E2D-001CD0F1BBD7}.Debug|Any CPU.Build.0 = Debug|Any CPU
		{B7BDFDF2-85E4-49C2-8E2D-001CD0F1BBD7}.Release|Any CPU.ActiveCfg = Release|Any CPU
		{B7BDFDF2-85E4-49C2-8E2D-001CD0F1BBD7}.Release|Any CPU.Build.0 = Release|Any CPU
		{D6CEC15E-A23D-47F9-A214-56E26929CD87}.Debug|Any CPU.ActiveCfg = Debug|Any CPU
		{D6CEC15E-A23D-47F9-A214-56E26929CD87}.Debug|Any CPU.Build.0 = Debug|Any CPU
		{D6CEC15E-A23D-47F9-A214-56E26929CD87}.Release|Any CPU.ActiveCfg = Release|Any CPU
		{D6CEC15E-A23D-47F9-A214-56E26929CD87}.Release|Any CPU.Build.0 = Release|Any CPU
		{D13B9BEB-DCBE-44B6-A621-C053F2E6BFB9}.Debug|Any CPU.ActiveCfg = Debug|Any CPU
		{D13B9BEB-DCBE-44B6-A621-C053F2E6BFB9}.Debug|Any CPU.Build.0 = Debug|Any CPU
		{D13B9BEB-DCBE-44B6-A621-C053F2E6BFB9}.Release|Any CPU.ActiveCfg = Release|Any CPU
		{D13B9BEB-DCBE-44B6-A621-C053F2E6BFB9}.Release|Any CPU.Build.0 = Release|Any CPU
		{AA52B475-1E95-4D2D-9EC5-8B1243F1547C}.Debug|Any CPU.ActiveCfg = Debug|Any CPU
		{AA52B475-1E95-4D2D-9EC5-8B1243F1547C}.Debug|Any CPU.Build.0 = Debug|Any CPU
		{AA52B475-1E95-4D2D-9EC5-8B1243F1547C}.Release|Any CPU.ActiveCfg = Release|Any CPU
		{AA52B475-1E95-4D2D-9EC5-8B1243F1547C}.Release|Any CPU.Build.0 = Release|Any CPU
	EndGlobalSection
EndGlobal
