
Microsoft Visual Studio Solution File, Format Version 12.00
# Visual Studio 15
VisualStudioVersion = 15.0.28307.572
MinimumVisualStudioVersion = 10.0.40219.1
Project("{FAE04EC0-301F-11D3-BF4B-00C04F79EFBC}") = "classwork", "classwork\classwork.csproj", "{DFBE574B-1879-4B88-AC2C-6588D68FD14C}"
EndProject
Project("{FAE04EC0-301F-11D3-BF4B-00C04F79EFBC}") = "task2", "task2\task2.csproj", "{C02D346E-E7E2-4777-9974-86CE8B4D6401}"
EndProject
Project("{FAE04EC0-301F-11D3-BF4B-00C04F79EFBC}") = "SerializationLib", "SerializationLib\SerializationLib.csproj", "{CAA45FC2-A742-442F-8CDB-9D70E95CC495}"
EndProject
Project("{FAE04EC0-301F-11D3-BF4B-00C04F79EFBC}") = "task3", "task3\task3.csproj", "{924FF5A6-E093-42B3-90C1-E8E98E8DBCA4}"
EndProject
Project("{FAE04EC0-301F-11D3-BF4B-00C04F79EFBC}") = "task3Desk", "task3Desk\task3Desk.csproj", "{824BC473-E9D2-485F-A6BD-FD04D4474D90}"
EndProject
Global
	GlobalSection(SolutionConfigurationPlatforms) = preSolution
		Debug|Any CPU = Debug|Any CPU
		Release|Any CPU = Release|Any CPU
	EndGlobalSection
	GlobalSection(ProjectConfigurationPlatforms) = postSolution
		{DFBE574B-1879-4B88-AC2C-6588D68FD14C}.Debug|Any CPU.ActiveCfg = Debug|Any CPU
		{DFBE574B-1879-4B88-AC2C-6588D68FD14C}.Debug|Any CPU.Build.0 = Debug|Any CPU
		{DFBE574B-1879-4B88-AC2C-6588D68FD14C}.Release|Any CPU.ActiveCfg = Release|Any CPU
		{DFBE574B-1879-4B88-AC2C-6588D68FD14C}.Release|Any CPU.Build.0 = Release|Any CPU
		{C02D346E-E7E2-4777-9974-86CE8B4D6401}.Debug|Any CPU.ActiveCfg = Debug|Any CPU
		{C02D346E-E7E2-4777-9974-86CE8B4D6401}.Debug|Any CPU.Build.0 = Debug|Any CPU
		{C02D346E-E7E2-4777-9974-86CE8B4D6401}.Release|Any CPU.ActiveCfg = Release|Any CPU
		{C02D346E-E7E2-4777-9974-86CE8B4D6401}.Release|Any CPU.Build.0 = Release|Any CPU
		{CAA45FC2-A742-442F-8CDB-9D70E95CC495}.Debug|Any CPU.ActiveCfg = Debug|Any CPU
		{CAA45FC2-A742-442F-8CDB-9D70E95CC495}.Debug|Any CPU.Build.0 = Debug|Any CPU
		{CAA45FC2-A742-442F-8CDB-9D70E95CC495}.Release|Any CPU.ActiveCfg = Release|Any CPU
		{CAA45FC2-A742-442F-8CDB-9D70E95CC495}.Release|Any CPU.Build.0 = Release|Any CPU
		{924FF5A6-E093-42B3-90C1-E8E98E8DBCA4}.Debug|Any CPU.ActiveCfg = Debug|Any CPU
		{924FF5A6-E093-42B3-90C1-E8E98E8DBCA4}.Debug|Any CPU.Build.0 = Debug|Any CPU
		{924FF5A6-E093-42B3-90C1-E8E98E8DBCA4}.Release|Any CPU.ActiveCfg = Release|Any CPU
		{924FF5A6-E093-42B3-90C1-E8E98E8DBCA4}.Release|Any CPU.Build.0 = Release|Any CPU
		{824BC473-E9D2-485F-A6BD-FD04D4474D90}.Debug|Any CPU.ActiveCfg = Debug|Any CPU
		{824BC473-E9D2-485F-A6BD-FD04D4474D90}.Debug|Any CPU.Build.0 = Debug|Any CPU
		{824BC473-E9D2-485F-A6BD-FD04D4474D90}.Release|Any CPU.ActiveCfg = Release|Any CPU
		{824BC473-E9D2-485F-A6BD-FD04D4474D90}.Release|Any CPU.Build.0 = Release|Any CPU
	EndGlobalSection
	GlobalSection(SolutionProperties) = preSolution
		HideSolutionNode = FALSE
	EndGlobalSection
	GlobalSection(ExtensibilityGlobals) = postSolution
		SolutionGuid = {01E0B06F-30CE-451C-979A-4E3A55A12738}
	EndGlobalSection
EndGlobal
