
Microsoft Visual Studio Solution File, Format Version 12.00
# Visual Studio 15
Project("{FAE04EC0-301F-11D3-BF4B-00C04F79EFBC}") = "homework", "homework\homework.csproj", "{B6774D28-3547-4CDC-A788-09D3E3FE31BC}"
EndProject
Project("{FAE04EC0-301F-11D3-BF4B-00C04F79EFBC}") = "task2", "task2\task2.csproj", "{81D22C9D-A17D-46FE-A896-ADA1EC84505E}"
EndProject
Project("{FAE04EC0-301F-11D3-BF4B-00C04F79EFBC}") = "task3", "task3\task3.csproj", "{E280EF2F-D296-4313-AD4B-DB56B0A47A67}"
EndProject
Global
	GlobalSection(SolutionConfigurationPlatforms) = preSolution
		Debug|Any CPU = Debug|Any CPU
		Release|Any CPU = Release|Any CPU
	EndGlobalSection
	GlobalSection(ProjectConfigurationPlatforms) = postSolution
		{B6774D28-3547-4CDC-A788-09D3E3FE31BC}.Debug|Any CPU.ActiveCfg = Debug|Any CPU
		{B6774D28-3547-4CDC-A788-09D3E3FE31BC}.Debug|Any CPU.Build.0 = Debug|Any CPU
		{B6774D28-3547-4CDC-A788-09D3E3FE31BC}.Release|Any CPU.ActiveCfg = Release|Any CPU
		{B6774D28-3547-4CDC-A788-09D3E3FE31BC}.Release|Any CPU.Build.0 = Release|Any CPU
		{81D22C9D-A17D-46FE-A896-ADA1EC84505E}.Debug|Any CPU.ActiveCfg = Debug|Any CPU
		{81D22C9D-A17D-46FE-A896-ADA1EC84505E}.Debug|Any CPU.Build.0 = Debug|Any CPU
		{81D22C9D-A17D-46FE-A896-ADA1EC84505E}.Release|Any CPU.ActiveCfg = Release|Any CPU
		{81D22C9D-A17D-46FE-A896-ADA1EC84505E}.Release|Any CPU.Build.0 = Release|Any CPU
		{E280EF2F-D296-4313-AD4B-DB56B0A47A67}.Debug|Any CPU.ActiveCfg = Debug|Any CPU
		{E280EF2F-D296-4313-AD4B-DB56B0A47A67}.Debug|Any CPU.Build.0 = Debug|Any CPU
		{E280EF2F-D296-4313-AD4B-DB56B0A47A67}.Release|Any CPU.ActiveCfg = Release|Any CPU
		{E280EF2F-D296-4313-AD4B-DB56B0A47A67}.Release|Any CPU.Build.0 = Release|Any CPU
	EndGlobalSection
EndGlobal
