Microsoft Visual Studio Solution File, Format Version 12.00
# Visual Studio 15
VisualStudioVersion = 15.0.28010.2048
MinimumVisualStudioVersion = 10.0.40219.1
Project("{9A19103F-16F7-4668-BE54-9A1E7A4F7556}") = "task1", "task1\task1.csproj", "{30DFE1EA-0E33-497F-8010-95DED9083D8C}"
EndProject
Project("{9A19103F-16F7-4668-BE54-9A1E7A4F7556}") = "task3", "task3\task3.csproj", "{7821C5DE-3101-4DBC-A199-C92E4C093146}"
EndProject
Project("{FAE04EC0-301F-11D3-BF4B-00C04F79EFBC}") = "task4", "task4\task4.csproj", "{714BB990-0AE2-46AD-8B14-1587A7C7746D}"
EndProject
Project("{9A19103F-16F7-4668-BE54-9A1E7A4F7556}") = "task5", "task5\task5.csproj", "{80CF9CC4-AF1C-40B5-9D14-4B9E286973E2}"
EndProject
Project("{FAE04EC0-301F-11D3-BF4B-00C04F79EFBC}") = "task6", "task6\task6.csproj", "{F3806640-1815-40AF-AA24-C3E865EEA551}"
EndProject
Global
	GlobalSection(SolutionConfigurationPlatforms) = preSolution
		Debug|Any CPU = Debug|Any CPU
		Release|Any CPU = Release|Any CPU
	EndGlobalSection
	GlobalSection(ProjectConfigurationPlatforms) = postSolution
		{30DFE1EA-0E33-497F-8010-95DED9083D8C}.Debug|Any CPU.ActiveCfg = Debug|Any CPU
		{30DFE1EA-0E33-497F-8010-95DED9083D8C}.Debug|Any CPU.Build.0 = Debug|Any CPU
		{30DFE1EA-0E33-497F-8010-95DED9083D8C}.Release|Any CPU.ActiveCfg = Release|Any CPU
		{30DFE1EA-0E33-497F-8010-95DED9083D8C}.Release|Any CPU.Build.0 = Release|Any CPU
		{7821C5DE-3101-4DBC-A199-C92E4C093146}.Debug|Any CPU.ActiveCfg = Debug|Any CPU
		{7821C5DE-3101-4DBC-A199-C92E4C093146}.Debug|Any CPU.Build.0 = Debug|Any CPU
		{7821C5DE-3101-4DBC-A199-C92E4C093146}.Release|Any CPU.ActiveCfg = Release|Any CPU
		{7821C5DE-3101-4DBC-A199-C92E4C093146}.Release|Any CPU.Build.0 = Release|Any CPU
		{714BB990-0AE2-46AD-8B14-1587A7C7746D}.Debug|Any CPU.ActiveCfg = Debug|Any CPU
		{714BB990-0AE2-46AD-8B14-1587A7C7746D}.Debug|Any CPU.Build.0 = Debug|Any CPU
		{714BB990-0AE2-46AD-8B14-1587A7C7746D}.Release|Any CPU.ActiveCfg = Release|Any CPU
		{714BB990-0AE2-46AD-8B14-1587A7C7746D}.Release|Any CPU.Build.0 = Release|Any CPU
		{80CF9CC4-AF1C-40B5-9D14-4B9E286973E2}.Debug|Any CPU.ActiveCfg = Debug|Any CPU
		{80CF9CC4-AF1C-40B5-9D14-4B9E286973E2}.Debug|Any CPU.Build.0 = Debug|Any CPU
		{80CF9CC4-AF1C-40B5-9D14-4B9E286973E2}.Release|Any CPU.ActiveCfg = Release|Any CPU
		{80CF9CC4-AF1C-40B5-9D14-4B9E286973E2}.Release|Any CPU.Build.0 = Release|Any CPU
		{F3806640-1815-40AF-AA24-C3E865EEA551}.Debug|Any CPU.ActiveCfg = Debug|Any CPU
		{F3806640-1815-40AF-AA24-C3E865EEA551}.Debug|Any CPU.Build.0 = Debug|Any CPU
		{F3806640-1815-40AF-AA24-C3E865EEA551}.Release|Any CPU.ActiveCfg = Release|Any CPU
		{F3806640-1815-40AF-AA24-C3E865EEA551}.Release|Any CPU.Build.0 = Release|Any CPU
	EndGlobalSection
	GlobalSection(SolutionProperties) = preSolution
		HideSolutionNode = FALSE
	EndGlobalSection
	GlobalSection(ExtensibilityGlobals) = postSolution
		SolutionGuid = {D9B0CFC8-5A09-424C-8B5C-9D489211D967}
	EndGlobalSection
EndGlobal
