
Microsoft Visual Studio Solution File, Format Version 12.00
Project("{FAE04EC0-301F-11D3-BF4B-00C04F79EFBC}") = "task3", "task3\task3.csproj", "{CD4A8BBB-3E13-45D2-861B-93EFFA99DE32}"
EndProject
Project("{FAE04EC0-301F-11D3-BF4B-00C04F79EFBC}") = "task4", "task4\task4.csproj", "{6E58D126-6D3D-4ACF-A3B2-7DD8FBF59D5F}"
EndProject
Global
	GlobalSection(SolutionConfigurationPlatforms) = preSolution
		Debug|Any CPU = Debug|Any CPU
		Release|Any CPU = Release|Any CPU
	EndGlobalSection
	GlobalSection(ProjectConfigurationPlatforms) = postSolution
		{CD4A8BBB-3E13-45D2-861B-93EFFA99DE32}.Debug|Any CPU.ActiveCfg = Debug|Any CPU
		{CD4A8BBB-3E13-45D2-861B-93EFFA99DE32}.Debug|Any CPU.Build.0 = Debug|Any CPU
		{CD4A8BBB-3E13-45D2-861B-93EFFA99DE32}.Release|Any CPU.ActiveCfg = Release|Any CPU
		{CD4A8BBB-3E13-45D2-861B-93EFFA99DE32}.Release|Any CPU.Build.0 = Release|Any CPU
		{6E58D126-6D3D-4ACF-A3B2-7DD8FBF59D5F}.Debug|Any CPU.ActiveCfg = Debug|Any CPU
		{6E58D126-6D3D-4ACF-A3B2-7DD8FBF59D5F}.Debug|Any CPU.Build.0 = Debug|Any CPU
		{6E58D126-6D3D-4ACF-A3B2-7DD8FBF59D5F}.Release|Any CPU.ActiveCfg = Release|Any CPU
		{6E58D126-6D3D-4ACF-A3B2-7DD8FBF59D5F}.Release|Any CPU.Build.0 = Release|Any CPU
	EndGlobalSection
EndGlobal
