Microsoft Visual Studio Solution File, Format Version 12.00
# Visual Studio 15
VisualStudioVersion = 15.0.28010.2048
MinimumVisualStudioVersion = 10.0.40219.1
Project("{9A19103F-16F7-4668-BE54-9A1E7A4F7556}") = "task2", "classwork\task2.csproj", "{B8FFBF01-7148-481C-B925-E7AF9B225F6D}"
EndProject
Project("{FAE04EC0-301F-11D3-BF4B-00C04F79EFBC}") = "task1", "task1\task1.csproj", "{699DFBBC-8623-4BAA-9A1F-C402D5CE8930}"
EndProject
Project("{9A19103F-16F7-4668-BE54-9A1E7A4F7556}") = "task3", "task3\task3.csproj", "{5BB3221A-01C8-46C3-94AF-FC9857B8CE97}"
EndProject
Project("{9A19103F-16F7-4668-BE54-9A1E7A4F7556}") = "task4", "task4\task4.csproj", "{87F642D8-8CB0-4C38-8094-BF45A61930F9}"
EndProject
Project("{9A19103F-16F7-4668-BE54-9A1E7A4F7556}") = "task6", "task6\task6.csproj", "{E6261B55-D762-49D4-BAA7-A2F3238BC181}"
EndProject
Project("{FAE04EC0-301F-11D3-BF4B-00C04F79EFBC}") = "task5", "task5\task5.csproj", "{887C6992-26BF-448F-A6CC-8D84C6BDA203}"
EndProject
Global
	GlobalSection(SolutionConfigurationPlatforms) = preSolution
		Debug|Any CPU = Debug|Any CPU
		Release|Any CPU = Release|Any CPU
	EndGlobalSection
	GlobalSection(ProjectConfigurationPlatforms) = postSolution
		{B8FFBF01-7148-481C-B925-E7AF9B225F6D}.Debug|Any CPU.ActiveCfg = Debug|Any CPU
		{B8FFBF01-7148-481C-B925-E7AF9B225F6D}.Debug|Any CPU.Build.0 = Debug|Any CPU
		{B8FFBF01-7148-481C-B925-E7AF9B225F6D}.Release|Any CPU.ActiveCfg = Release|Any CPU
		{B8FFBF01-7148-481C-B925-E7AF9B225F6D}.Release|Any CPU.Build.0 = Release|Any CPU
		{699DFBBC-8623-4BAA-9A1F-C402D5CE8930}.Debug|Any CPU.ActiveCfg = Debug|Any CPU
		{699DFBBC-8623-4BAA-9A1F-C402D5CE8930}.Debug|Any CPU.Build.0 = Debug|Any CPU
		{699DFBBC-8623-4BAA-9A1F-C402D5CE8930}.Release|Any CPU.ActiveCfg = Release|Any CPU
		{699DFBBC-8623-4BAA-9A1F-C402D5CE8930}.Release|Any CPU.Build.0 = Release|Any CPU
		{5BB3221A-01C8-46C3-94AF-FC9857B8CE97}.Debug|Any CPU.ActiveCfg = Debug|Any CPU
		{5BB3221A-01C8-46C3-94AF-FC9857B8CE97}.Debug|Any CPU.Build.0 = Debug|Any CPU
		{5BB3221A-01C8-46C3-94AF-FC9857B8CE97}.Release|Any CPU.ActiveCfg = Release|Any CPU
		{5BB3221A-01C8-46C3-94AF-FC9857B8CE97}.Release|Any CPU.Build.0 = Release|Any CPU
		{87F642D8-8CB0-4C38-8094-BF45A61930F9}.Debug|Any CPU.ActiveCfg = Debug|Any CPU
		{87F642D8-8CB0-4C38-8094-BF45A61930F9}.Debug|Any CPU.Build.0 = Debug|Any CPU
		{87F642D8-8CB0-4C38-8094-BF45A61930F9}.Release|Any CPU.ActiveCfg = Release|Any CPU
		{87F642D8-8CB0-4C38-8094-BF45A61930F9}.Release|Any CPU.Build.0 = Release|Any CPU
		{E6261B55-D762-49D4-BAA7-A2F3238BC181}.Debug|Any CPU.ActiveCfg = Debug|Any CPU
		{E6261B55-D762-49D4-BAA7-A2F3238BC181}.Debug|Any CPU.Build.0 = Debug|Any CPU
		{E6261B55-D762-49D4-BAA7-A2F3238BC181}.Release|Any CPU.ActiveCfg = Release|Any CPU
		{E6261B55-D762-49D4-BAA7-A2F3238BC181}.Release|Any CPU.Build.0 = Release|Any CPU
		{887C6992-26BF-448F-A6CC-8D84C6BDA203}.Debug|Any CPU.ActiveCfg = Debug|Any CPU
		{887C6992-26BF-448F-A6CC-8D84C6BDA203}.Debug|Any CPU.Build.0 = Debug|Any CPU
		{887C6992-26BF-448F-A6CC-8D84C6BDA203}.Release|Any CPU.ActiveCfg = Release|Any CPU
		{887C6992-26BF-448F-A6CC-8D84C6BDA203}.Release|Any CPU.Build.0 = Release|Any CPU
	EndGlobalSection
	GlobalSection(SolutionProperties) = preSolution
		HideSolutionNode = FALSE
	EndGlobalSection
	GlobalSection(ExtensibilityGlobals) = postSolution
		SolutionGuid = {26683F10-D520-44A0-8DDC-E402C038A642}
	EndGlobalSection
EndGlobal
