
Microsoft Visual Studio Solution File, Format Version 12.00
Project("{FAE04EC0-301F-11D3-BF4B-00C04F79EFBC}") = "task1", "task1\task1.csproj", "{0801D6F2-28BF-4753-9F67-BFCA1BC3F3DF}"
EndProject
Project("{FAE04EC0-301F-11D3-BF4B-00C04F79EFBC}") = "task3", "task3\task3.csproj", "{ED0311C1-9848-463A-9E85-8F7B41C9B1FB}"
EndProject
Project("{FAE04EC0-301F-11D3-BF4B-00C04F79EFBC}") = "task4", "task4\task4.csproj", "{60C53354-72CE-4CCF-A64B-04E3DFBC92A5}"
EndProject
Global
	GlobalSection(SolutionConfigurationPlatforms) = preSolution
		Debug|Any CPU = Debug|Any CPU
		Release|Any CPU = Release|Any CPU
	EndGlobalSection
	GlobalSection(ProjectConfigurationPlatforms) = postSolution
		{0801D6F2-28BF-4753-9F67-BFCA1BC3F3DF}.Debug|Any CPU.ActiveCfg = Debug|Any CPU
		{0801D6F2-28BF-4753-9F67-BFCA1BC3F3DF}.Debug|Any CPU.Build.0 = Debug|Any CPU
		{0801D6F2-28BF-4753-9F67-BFCA1BC3F3DF}.Release|Any CPU.ActiveCfg = Release|Any CPU
		{0801D6F2-28BF-4753-9F67-BFCA1BC3F3DF}.Release|Any CPU.Build.0 = Release|Any CPU
		{ED0311C1-9848-463A-9E85-8F7B41C9B1FB}.Debug|Any CPU.ActiveCfg = Debug|Any CPU
		{ED0311C1-9848-463A-9E85-8F7B41C9B1FB}.Debug|Any CPU.Build.0 = Debug|Any CPU
		{ED0311C1-9848-463A-9E85-8F7B41C9B1FB}.Release|Any CPU.ActiveCfg = Release|Any CPU
		{ED0311C1-9848-463A-9E85-8F7B41C9B1FB}.Release|Any CPU.Build.0 = Release|Any CPU
		{60C53354-72CE-4CCF-A64B-04E3DFBC92A5}.Debug|Any CPU.ActiveCfg = Debug|Any CPU
		{60C53354-72CE-4CCF-A64B-04E3DFBC92A5}.Debug|Any CPU.Build.0 = Debug|Any CPU
		{60C53354-72CE-4CCF-A64B-04E3DFBC92A5}.Release|Any CPU.ActiveCfg = Release|Any CPU
		{60C53354-72CE-4CCF-A64B-04E3DFBC92A5}.Release|Any CPU.Build.0 = Release|Any CPU
	EndGlobalSection
EndGlobal
